
Microsoft Visual Studio Solution File, Format Version 12.00
# Visual Studio Version 17
VisualStudioVersion = 17.10.34916.146
MinimumVisualStudioVersion = 10.0.40219.1
Project("{8BC9CEB8-8B4A-11D0-8D11-00A0C91BC942}") = "L20240610_02", "L20240610_02.vcxproj", "{859DA849-0E37-47FD-ADB5-C892E2D849FB}"
EndProject
Global
	GlobalSection(SolutionConfigurationPlatforms) = preSolution
		Debug|x64 = Debug|x64
		Debug|x86 = Debug|x86
		Release|x64 = Release|x64
		Release|x86 = Release|x86
	EndGlobalSection
	GlobalSection(ProjectConfigurationPlatforms) = postSolution
		{859DA849-0E37-47FD-ADB5-C892E2D849FB}.Debug|x64.ActiveCfg = Debug|x64
		{859DA849-0E37-47FD-ADB5-C892E2D849FB}.Debug|x64.Build.0 = Debug|x64
		{859DA849-0E37-47FD-ADB5-C892E2D849FB}.Debug|x86.ActiveCfg = Debug|Win32
		{859DA849-0E37-47FD-ADB5-C892E2D849FB}.Debug|x86.Build.0 = Debug|Win32
		{859DA849-0E37-47FD-ADB5-C892E2D849FB}.Release|x64.ActiveCfg = Release|x64
		{859DA849-0E37-47FD-ADB5-C892E2D849FB}.Release|x64.Build.0 = Release|x64
		{859DA849-0E37-47FD-ADB5-C892E2D849FB}.Release|x86.ActiveCfg = Release|Win32
		{859DA849-0E37-47FD-ADB5-C892E2D849FB}.Release|x86.Build.0 = Release|Win32
	EndGlobalSection
	GlobalSection(SolutionProperties) = preSolution
		HideSolutionNode = FALSE
	EndGlobalSection
	GlobalSection(ExtensibilityGlobals) = postSolution
		SolutionGuid = {CC145D44-A75F-4D88-949A-CEE179996E1D}
	EndGlobalSection
EndGlobal
